// !$*UTF8*$!
{
	archiveVersion = 1;
	classes = {
	};
	objectVersion = 50;
	objects = {

/* Begin PBXBuildFile section */
		75C0E0E5234F8F6D00560EE6 /* AppDelegate.swift in Sources */ = {isa = PBXBuildFile; fileRef = 75C0E0E4234F8F6D00560EE6 /* AppDelegate.swift */; };
		75C0E0E7234F8F6D00560EE6 /* SceneDelegate.swift in Sources */ = {isa = PBXBuildFile; fileRef = 75C0E0E6234F8F6D00560EE6 /* SceneDelegate.swift */; };
		75C0E0E9234F8F6D00560EE6 /* ViewController.swift in Sources */ = {isa = PBXBuildFile; fileRef = 75C0E0E8234F8F6D00560EE6 /* ViewController.swift */; };
		75C0E0EC234F8F6D00560EE6 /* Main.storyboard in Resources */ = {isa = PBXBuildFile; fileRef = 75C0E0EA234F8F6D00560EE6 /* Main.storyboard */; };
		75C0E0EE234F8F6F00560EE6 /* Assets.xcassets in Resources */ = {isa = PBXBuildFile; fileRef = 75C0E0ED234F8F6F00560EE6 /* Assets.xcassets */; };
		75C0E0F1234F8F6F00560EE6 /* LaunchScreen.storyboard in Resources */ = {isa = PBXBuildFile; fileRef = 75C0E0EF234F8F6F00560EE6 /* LaunchScreen.storyboard */; };
		75C0E0FC234F8F6F00560EE6 /* NumerosAleatoriosTests.swift in Sources */ = {isa = PBXBuildFile; fileRef = 75C0E0FB234F8F6F00560EE6 /* NumerosAleatoriosTests.swift */; };
		75C0E107234F8F6F00560EE6 /* NumerosAleatoriosUITests.swift in Sources */ = {isa = PBXBuildFile; fileRef = 75C0E106234F8F6F00560EE6 /* NumerosAleatoriosUITests.swift */; };
		75C0E116234F906400560EE6 /* botaogerar-pressionado.png in Resources */ = {isa = PBXBuildFile; fileRef = 75C0E114234F906400560EE6 /* botaogerar-pressionado.png */; };
		75C0E117234F906400560EE6 /* botaogerar.png in Resources */ = {isa = PBXBuildFile; fileRef = 75C0E115234F906400560EE6 /* botaogerar.png */; };
		75C0E119234F907200560EE6 /* logo.png in Resources */ = {isa = PBXBuildFile; fileRef = 75C0E118234F907200560EE6 /* logo.png */; };
/* End PBXBuildFile section */

/* Begin PBXContainerItemProxy section */
		75C0E0F8234F8F6F00560EE6 /* PBXContainerItemProxy */ = {
			isa = PBXContainerItemProxy;
			containerPortal = 75C0E0D9234F8F6D00560EE6 /* Project object */;
			proxyType = 1;
			remoteGlobalIDString = 75C0E0E0234F8F6D00560EE6;
			remoteInfo = NumerosAleatorios;
		};
		75C0E103234F8F6F00560EE6 /* PBXContainerItemProxy */ = {
			isa = PBXContainerItemProxy;
			containerPortal = 75C0E0D9234F8F6D00560EE6 /* Project object */;
			proxyType = 1;
			remoteGlobalIDString = 75C0E0E0234F8F6D00560EE6;
			remoteInfo = NumerosAleatorios;
		};
/* End PBXContainerItemProxy section */

/* Begin PBXFileReference section */
		75C0E0E1234F8F6D00560EE6 /* NumerosAleatorios.app */ = {isa = PBXFileReference; explicitFileType = wrapper.application; includeInIndex = 0; path = NumerosAleatorios.app; sourceTree = BUILT_PRODUCTS_DIR; };
		75C0E0E4234F8F6D00560EE6 /* AppDelegate.swift */ = {isa = PBXFileReference; lastKnownFileType = sourcecode.swift; path = AppDelegate.swift; sourceTree = "<group>"; };
		75C0E0E6234F8F6D00560EE6 /* SceneDelegate.swift */ = {isa = PBXFileReference; lastKnownFileType = sourcecode.swift; path = SceneDelegate.swift; sourceTree = "<group>"; };
		75C0E0E8234F8F6D00560EE6 /* ViewController.swift */ = {isa = PBXFileReference; lastKnownFileType = sourcecode.swift; path = ViewController.swift; sourceTree = "<group>"; };
		75C0E0EB234F8F6D00560EE6 /* Base */ = {isa = PBXFileReference; lastKnownFileType = file.storyboard; name = Base; path = Base.lproj/Main.storyboard; sourceTree = "<group>"; };
		75C0E0ED234F8F6F00560EE6 /* Assets.xcassets */ = {isa = PBXFileReference; lastKnownFileType = folder.assetcatalog; path = Assets.xcassets; sourceTree = "<group>"; };
		75C0E0F0234F8F6F00560EE6 /* Base */ = {isa = PBXFileReference; lastKnownFileType = file.storyboard; name = Base; path = Base.lproj/LaunchScreen.storyboard; sourceTree = "<group>"; };
		75C0E0F2234F8F6F00560EE6 /* Info.plist */ = {isa = PBXFileReference; lastKnownFileType = text.plist.xml; path = Info.plist; sourceTree = "<group>"; };
		75C0E0F7234F8F6F00560EE6 /* NumerosAleatoriosTests.xctest */ = {isa = PBXFileReference; explicitFileType = wrapper.cfbundle; includeInIndex = 0; path = NumerosAleatoriosTests.xctest; sourceTree = BUILT_PRODUCTS_DIR; };
		75C0E0FB234F8F6F00560EE6 /* NumerosAleatoriosTests.swift */ = {isa = PBXFileReference; lastKnownFileType = sourcecode.swift; path = NumerosAleatoriosTests.swift; sourceTree = "<group>"; };
		75C0E0FD234F8F6F00560EE6 /* Info.plist */ = {isa = PBXFileReference; lastKnownFileType = text.plist.xml; path = Info.plist; sourceTree = "<group>"; };
		75C0E102234F8F6F00560EE6 /* NumerosAleatoriosUITests.xctest */ = {isa = PBXFileReference; explicitFileType = wrapper.cfbundle; includeInIndex = 0; path = NumerosAleatoriosUITests.xctest; sourceTree = BUILT_PRODUCTS_DIR; };
		75C0E106234F8F6F00560EE6 /* NumerosAleatoriosUITests.swift */ = {isa = PBXFileReference; lastKnownFileType = sourcecode.swift; path = NumerosAleatoriosUITests.swift; sourceTree = "<group>"; };
		75C0E108234F8F6F00560EE6 /* Info.plist */ = {isa = PBXFileReference; lastKnownFileType = text.plist.xml; path = Info.plist; sourceTree = "<group>"; };
		75C0E114234F906400560EE6 /* botaogerar-pressionado.png */ = {isa = PBXFileReference; lastKnownFileType = image.png; path = "botaogerar-pressionado.png"; sourceTree = "<group>"; };
		75C0E115234F906400560EE6 /* botaogerar.png */ = {isa = PBXFileReference; lastKnownFileType = image.png; path = botaogerar.png; sourceTree = "<group>"; };
		75C0E118234F907200560EE6 /* logo.png */ = {isa = PBXFileReference; lastKnownFileType = image.png; path = logo.png; sourceTree = "<group>"; };
/* End PBXFileReference section */

/* Begin PBXFrameworksBuildPhase section */
		75C0E0DE234F8F6D00560EE6 /* Frameworks */ = {
			isa = PBXFrameworksBuildPhase;
			buildActionMask = 2147483647;
			files = (
			);
			runOnlyForDeploymentPostprocessing = 0;
		};
		75C0E0F4234F8F6F00560EE6 /* Frameworks */ = {
			isa = PBXFrameworksBuildPhase;
			buildActionMask = 2147483647;
			files = (
			);
			runOnlyForDeploymentPostprocessing = 0;
		};
		75C0E0FF234F8F6F00560EE6 /* Frameworks */ = {
			isa = PBXFrameworksBuildPhase;
			buildActionMask = 2147483647;
			files = (
			);
			runOnlyForDeploymentPostprocessing = 0;
		};
/* End PBXFrameworksBuildPhase section */

/* Begin PBXGroup section */
		75C0E0D8234F8F6D00560EE6 = {
			isa = PBXGroup;
			children = (
				75C0E0E3234F8F6D00560EE6 /* NumerosAleatorios */,
				75C0E0FA234F8F6F00560EE6 /* NumerosAleatoriosTests */,
				75C0E105234F8F6F00560EE6 /* NumerosAleatoriosUITests */,
				75C0E0E2234F8F6D00560EE6 /* Products */,
			);
			sourceTree = "<group>";
		};
		75C0E0E2234F8F6D00560EE6 /* Products */ = {
			isa = PBXGroup;
			children = (
				75C0E0E1234F8F6D00560EE6 /* NumerosAleatorios.app */,
				75C0E0F7234F8F6F00560EE6 /* NumerosAleatoriosTests.xctest */,
				75C0E102234F8F6F00560EE6 /* NumerosAleatoriosUITests.xctest */,
			);
			name = Products;
			sourceTree = "<group>";
		};
		75C0E0E3234F8F6D00560EE6 /* NumerosAleatorios */ = {
			isa = PBXGroup;
			children = (
				75C0E118234F907200560EE6 /* logo.png */,
				75C0E114234F906400560EE6 /* botaogerar-pressionado.png */,
				75C0E115234F906400560EE6 /* botaogerar.png */,
				75C0E0E4234F8F6D00560EE6 /* AppDelegate.swift */,
				75C0E0E6234F8F6D00560EE6 /* SceneDelegate.swift */,
				75C0E0E8234F8F6D00560EE6 /* ViewController.swift */,
				75C0E0EA234F8F6D00560EE6 /* Main.storyboard */,
				75C0E0ED234F8F6F00560EE6 /* Assets.xcassets */,
				75C0E0EF234F8F6F00560EE6 /* LaunchScreen.storyboard */,
				75C0E0F2234F8F6F00560EE6 /* Info.plist */,
			);
			path = NumerosAleatorios;
			sourceTree = "<group>";
		};
		75C0E0FA234F8F6F00560EE6 /* NumerosAleatoriosTests */ = {
			isa = PBXGroup;
			children = (
				75C0E0FB234F8F6F00560EE6 /* NumerosAleatoriosTests.swift */,
				75C0E0FD234F8F6F00560EE6 /* Info.plist */,
			);
			path = NumerosAleatoriosTests;
			sourceTree = "<group>";
		};
		75C0E105234F8F6F00560EE6 /* NumerosAleatoriosUITests */ = {
			isa = PBXGroup;
			children = (
				75C0E106234F8F6F00560EE6 /* NumerosAleatoriosUITests.swift */,
				75C0E108234F8F6F00560EE6 /* Info.plist */,
			);
			path = NumerosAleatoriosUITests;
			sourceTree = "<group>";
		};
/* End PBXGroup section */

/* Begin PBXNativeTarget section */
		75C0E0E0234F8F6D00560EE6 /* NumerosAleatorios */ = {
			isa = PBXNativeTarget;
			buildConfigurationList = 75C0E10B234F8F6F00560EE6 /* Build configuration list for PBXNativeTarget "NumerosAleatorios" */;
			buildPhases = (
				75C0E0DD234F8F6D00560EE6 /* Sources */,
				75C0E0DE234F8F6D00560EE6 /* Frameworks */,
				75C0E0DF234F8F6D00560EE6 /* Resources */,
			);
			buildRules = (
			);
			dependencies = (
			);
			name = NumerosAleatorios;
			productName = NumerosAleatorios;
			productReference = 75C0E0E1234F8F6D00560EE6 /* NumerosAleatorios.app */;
			productType = "com.apple.product-type.application";
		};
		75C0E0F6234F8F6F00560EE6 /* NumerosAleatoriosTests */ = {
			isa = PBXNativeTarget;
			buildConfigurationList = 75C0E10E234F8F6F00560EE6 /* Build configuration list for PBXNativeTarget "NumerosAleatoriosTests" */;
			buildPhases = (
				75C0E0F3234F8F6F00560EE6 /* Sources */,
				75C0E0F4234F8F6F00560EE6 /* Frameworks */,
				75C0E0F5234F8F6F00560EE6 /* Resources */,
			);
			buildRules = (
			);
			dependencies = (
				75C0E0F9234F8F6F00560EE6 /* PBXTargetDependency */,
			);
			name = NumerosAleatoriosTests;
			productName = NumerosAleatoriosTests;
			productReference = 75C0E0F7234F8F6F00560EE6 /* NumerosAleatoriosTests.xctest */;
			productType = "com.apple.product-type.bundle.unit-test";
		};
		75C0E101234F8F6F00560EE6 /* NumerosAleatoriosUITests */ = {
			isa = PBXNativeTarget;
			buildConfigurationList = 75C0E111234F8F6F00560EE6 /* Build configuration list for PBXNativeTarget "NumerosAleatoriosUITests" */;
			buildPhases = (
				75C0E0FE234F8F6F00560EE6 /* Sources */,
				75C0E0FF234F8F6F00560EE6 /* Frameworks */,
				75C0E100234F8F6F00560EE6 /* Resources */,
			);
			buildRules = (
			);
			dependencies = (
				75C0E104234F8F6F00560EE6 /* PBXTargetDependency */,
			);
			name = NumerosAleatoriosUITests;
			productName = NumerosAleatoriosUITests;
			productReference = 75C0E102234F8F6F00560EE6 /* NumerosAleatoriosUITests.xctest */;
			productType = "com.apple.product-type.bundle.ui-testing";
		};
/* End PBXNativeTarget section */

/* Begin PBXProject section */
		75C0E0D9234F8F6D00560EE6 /* Project object */ = {
			isa = PBXProject;
			attributes = {
				LastSwiftUpdateCheck = 1100;
				LastUpgradeCheck = 1100;
				ORGANIZATIONNAME = "Catia Miranda de Souza";
				TargetAttributes = {
					75C0E0E0234F8F6D00560EE6 = {
						CreatedOnToolsVersion = 11.0;
					};
					75C0E0F6234F8F6F00560EE6 = {
						CreatedOnToolsVersion = 11.0;
						TestTargetID = 75C0E0E0234F8F6D00560EE6;
					};
					75C0E101234F8F6F00560EE6 = {
						CreatedOnToolsVersion = 11.0;
						TestTargetID = 75C0E0E0234F8F6D00560EE6;
					};
				};
			};
			buildConfigurationList = 75C0E0DC234F8F6D00560EE6 /* Build configuration list for PBXProject "NumerosAleatorios" */;
			compatibilityVersion = "Xcode 9.3";
			developmentRegion = en;
			hasScannedForEncodings = 0;
			knownRegions = (
				en,
				Base,
			);
			mainGroup = 75C0E0D8234F8F6D00560EE6;
			productRefGroup = 75C0E0E2234F8F6D00560EE6 /* Products */;
			projectDirPath = "";
			projectRoot = "";
			targets = (
				75C0E0E0234F8F6D00560EE6 /* NumerosAleatorios */,
				75C0E0F6234F8F6F00560EE6 /* NumerosAleatoriosTests */,
				75C0E101234F8F6F00560EE6 /* NumerosAleatoriosUITests */,
			);
		};
/* End PBXProject section */

/* Begin PBXResourcesBuildPhase section */
		75C0E0DF234F8F6D00560EE6 /* Resources */ = {
			isa = PBXResourcesBuildPhase;
			buildActionMask = 2147483647;
			files = (
				75C0E0F1234F8F6F00560EE6 /* LaunchScreen.storyboard in Resources */,
				75C0E0EE234F8F6F00560EE6 /* Assets.xcassets in Resources */,
				75C0E119234F907200560EE6 /* logo.png in Resources */,
				75C0E117234F906400560EE6 /* botaogerar.png in Resources */,
				75C0E0EC234F8F6D00560EE6 /* Main.storyboard in Resources */,
				75C0E116234F906400560EE6 /* botaogerar-pressionado.png in Resources */,
			);
			runOnlyForDeploymentPostprocessing = 0;
		};
		75C0E0F5234F8F6F00560EE6 /* Resources */ = {
			isa = PBXResourcesBuildPhase;
			buildActionMask = 2147483647;
			files = (
			);
			runOnlyForDeploymentPostprocessing = 0;
		};
		75C0E100234F8F6F00560EE6 /* Resources */ = {
			isa = PBXResourcesBuildPhase;
			buildActionMask = 2147483647;
			files = (
			);
			runOnlyForDeploymentPostprocessing = 0;
		};
/* End PBXResourcesBuildPhase section */

/* Begin PBXSourcesBuildPhase section */
		75C0E0DD234F8F6D00560EE6 /* Sources */ = {
			isa = PBXSourcesBuildPhase;
			buildActionMask = 2147483647;
			files = (
				75C0E0E9234F8F6D00560EE6 /* ViewController.swift in Sources */,
				75C0E0E5234F8F6D00560EE6 /* AppDelegate.swift in Sources */,
				75C0E0E7234F8F6D00560EE6 /* SceneDelegate.swift in Sources */,
			);
			runOnlyForDeploymentPostprocessing = 0;
		};
		75C0E0F3234F8F6F00560EE6 /* Sources */ = {
			isa = PBXSourcesBuildPhase;
			buildActionMask = 2147483647;
			files = (
				75C0E0FC234F8F6F00560EE6 /* NumerosAleatoriosTests.swift in Sources */,
			);
			runOnlyForDeploymentPostprocessing = 0;
		};
		75C0E0FE234F8F6F00560EE6 /* Sources */ = {
			isa = PBXSourcesBuildPhase;
			buildActionMask = 2147483647;
			files = (
				75C0E107234F8F6F00560EE6 /* NumerosAleatoriosUITests.swift in Sources */,
			);
			runOnlyForDeploymentPostprocessing = 0;
		};
/* End PBXSourcesBuildPhase section */

/* Begin PBXTargetDependency section */
		75C0E0F9234F8F6F00560EE6 /* PBXTargetDependency */ = {
			isa = PBXTargetDependency;
			target = 75C0E0E0234F8F6D00560EE6 /* NumerosAleatorios */;
			targetProxy = 75C0E0F8234F8F6F00560EE6 /* PBXContainerItemProxy */;
		};
		75C0E104234F8F6F00560EE6 /* PBXTargetDependency */ = {
			isa = PBXTargetDependency;
			target = 75C0E0E0234F8F6D00560EE6 /* NumerosAleatorios */;
			targetProxy = 75C0E103234F8F6F00560EE6 /* PBXContainerItemProxy */;
		};
/* End PBXTargetDependency section */

/* Begin PBXVariantGroup section */
		75C0E0EA234F8F6D00560EE6 /* Main.storyboard */ = {
			isa = PBXVariantGroup;
			children = (
				75C0E0EB234F8F6D00560EE6 /* Base */,
			);
			name = Main.storyboard;
			sourceTree = "<group>";
		};
		75C0E0EF234F8F6F00560EE6 /* LaunchScreen.storyboard */ = {
			isa = PBXVariantGroup;
			children = (
				75C0E0F0234F8F6F00560EE6 /* Base */,
			);
			name = LaunchScreen.storyboard;
			sourceTree = "<group>";
		};
/* End PBXVariantGroup section */

/* Begin XCBuildConfiguration section */
		75C0E109234F8F6F00560EE6 /* Debug */ = {
			isa = XCBuildConfiguration;
			buildSettings = {
				ALWAYS_SEARCH_USER_PATHS = NO;
				CLANG_ANALYZER_NONNULL = YES;
				CLANG_ANALYZER_NUMBER_OBJECT_CONVERSION = YES_AGGRESSIVE;
				CLANG_CXX_LANGUAGE_STANDARD = "gnu++14";
				CLANG_CXX_LIBRARY = "libc++";
				CLANG_ENABLE_MODULES = YES;
				CLANG_ENABLE_OBJC_ARC = YES;
				CLANG_ENABLE_OBJC_WEAK = YES;
				CLANG_WARN_BLOCK_CAPTURE_AUTORELEASING = YES;
				CLANG_WARN_BOOL_CONVERSION = YES;
				CLANG_WARN_COMMA = YES;
				CLANG_WARN_CONSTANT_CONVERSION = YES;
				CLANG_WARN_DEPRECATED_OBJC_IMPLEMENTATIONS = YES;
				CLANG_WARN_DIRECT_OBJC_ISA_USAGE = YES_ERROR;
				CLANG_WARN_DOCUMENTATION_COMMENTS = YES;
				CLANG_WARN_EMPTY_BODY = YES;
				CLANG_WARN_ENUM_CONVERSION = YES;
				CLANG_WARN_INFINITE_RECURSION = YES;
				CLANG_WARN_INT_CONVERSION = YES;
				CLANG_WARN_NON_LITERAL_NULL_CONVERSION = YES;
				CLANG_WARN_OBJC_IMPLICIT_RETAIN_SELF = YES;
				CLANG_WARN_OBJC_LITERAL_CONVERSION = YES;
				CLANG_WARN_OBJC_ROOT_CLASS = YES_ERROR;
				CLANG_WARN_RANGE_LOOP_ANALYSIS = YES;
				CLANG_WARN_STRICT_PROTOTYPES = YES;
				CLANG_WARN_SUSPICIOUS_MOVE = YES;
				CLANG_WARN_UNGUARDED_AVAILABILITY = YES_AGGRESSIVE;
				CLANG_WARN_UNREACHABLE_CODE = YES;
				CLANG_WARN__DUPLICATE_METHOD_MATCH = YES;
				COPY_PHASE_STRIP = NO;
				DEBUG_INFORMATION_FORMAT = dwarf;
				ENABLE_STRICT_OBJC_MSGSEND = YES;
				ENABLE_TESTABILITY = YES;
				GCC_C_LANGUAGE_STANDARD = gnu11;
				GCC_DYNAMIC_NO_PIC = NO;
				GCC_NO_COMMON_BLOCKS = YES;
				GCC_OPTIMIZATION_LEVEL = 0;
				GCC_PREPROCESSOR_DEFINITIONS = (
					"DEBUG=1",
					"$(inherited)",
				);
				GCC_WARN_64_TO_32_BIT_CONVERSION = YES;
				GCC_WARN_ABOUT_RETURN_TYPE = YES_ERROR;
				GCC_WARN_UNDECLARED_SELECTOR = YES;
				GCC_WARN_UNINITIALIZED_AUTOS = YES_AGGRESSIVE;
				GCC_WARN_UNUSED_FUNCTION = YES;
				GCC_WARN_UNUSED_VARIABLE = YES;
				IPHONEOS_DEPLOYMENT_TARGET = 13.0;
				MTL_ENABLE_DEBUG_INFO = INCLUDE_SOURCE;
				MTL_FAST_MATH = YES;
				ONLY_ACTIVE_ARCH = YES;
				SDKROOT = iphoneos;
				SWIFT_ACTIVE_COMPILATION_CONDITIONS = DEBUG;
				SWIFT_OPTIMIZATION_LEVEL = "-Onone";
			};
			name = Debug;
		};
		75C0E10A234F8F6F00560EE6 /* Release */ = {
			isa = XCBuildConfiguration;
			buildSettings = {
				ALWAYS_SEARCH_USER_PATHS = NO;
				CLANG_ANALYZER_NONNULL = YES;
				CLANG_ANALYZER_NUMBER_OBJECT_CONVERSION = YES_AGGRESSIVE;
				CLANG_CXX_LANGUAGE_STANDARD = "gnu++14";
				CLANG_CXX_LIBRARY = "libc++";
				CLANG_ENABLE_MODULES = YES;
				CLANG_ENABLE_OBJC_ARC = YES;
				CLANG_ENABLE_OBJC_WEAK = YES;
				CLANG_WARN_BLOCK_CAPTURE_AUTORELEASING = YES;
				CLANG_WARN_BOOL_CONVERSION = YES;
				CLANG_WARN_COMMA = YES;
				CLANG_WARN_CONSTANT_CONVERSION = YES;
				CLANG_WARN_DEPRECATED_OBJC_IMPLEMENTATIONS = YES;
				CLANG_WARN_DIRECT_OBJC_ISA_USAGE = YES_ERROR;
				CLANG_WARN_DOCUMENTATION_COMMENTS = YES;
				CLANG_WARN_EMPTY_BODY = YES;
				CLANG_WARN_ENUM_CONVERSION = YES;
				CLANG_WARN_INFINITE_RECURSION = YES;
				CLANG_WARN_INT_CONVERSION = YES;
				CLANG_WARN_NON_LITERAL_NULL_CONVERSION = YES;
				CLANG_WARN_OBJC_IMPLICIT_RETAIN_SELF = YES;
				CLANG_WARN_OBJC_LITERAL_CONVERSION = YES;
				CLANG_WARN_OBJC_ROOT_CLASS = YES_ERROR;
				CLANG_WARN_RANGE_LOOP_ANALYSIS = YES;
				CLANG_WARN_STRICT_PROTOTYPES = YES;
				CLANG_WARN_SUSPICIOUS_MOVE = YES;
				CLANG_WARN_UNGUARDED_AVAILABILITY = YES_AGGRESSIVE;
				CLANG_WARN_UNREACHABLE_CODE = YES;
				CLANG_WARN__DUPLICATE_METHOD_MATCH = YES;
				COPY_PHASE_STRIP = NO;
				DEBUG_INFORMATION_FORMAT = "dwarf-with-dsym";
				ENABLE_NS_ASSERTIONS = NO;
				ENABLE_STRICT_OBJC_MSGSEND = YES;
				GCC_C_LANGUAGE_STANDARD = gnu11;
				GCC_NO_COMMON_BLOCKS = YES;
				GCC_WARN_64_TO_32_BIT_CONVERSION = YES;
				GCC_WARN_ABOUT_RETURN_TYPE = YES_ERROR;
				GCC_WARN_UNDECLARED_SELECTOR = YES;
				GCC_WARN_UNINITIALIZED_AUTOS = YES_AGGRESSIVE;
				GCC_WARN_UNUSED_FUNCTION = YES;
				GCC_WARN_UNUSED_VARIABLE = YES;
				IPHONEOS_DEPLOYMENT_TARGET = 13.0;
				MTL_ENABLE_DEBUG_INFO = NO;
				MTL_FAST_MATH = YES;
				SDKROOT = iphoneos;
				SWIFT_COMPILATION_MODE = wholemodule;
				SWIFT_OPTIMIZATION_LEVEL = "-O";
				VALIDATE_PRODUCT = YES;
			};
			name = Release;
		};
		75C0E10C234F8F6F00560EE6 /* Debug */ = {
			isa = XCBuildConfiguration;
			buildSettings = {
				ASSETCATALOG_COMPILER_APPICON_NAME = AppIcon;
				CODE_SIGN_STYLE = Automatic;
				DEVELOPMENT_TEAM = AS994HB957;
				INFOPLIST_FILE = NumerosAleatorios/Info.plist;
				LD_RUNPATH_SEARCH_PATHS = (
					"$(inherited)",
					"@executable_path/Frameworks",
				);
				PRODUCT_BUNDLE_IDENTIFIER = com.catiasouza.NumerosAleatorios;
				PRODUCT_NAME = "$(TARGET_NAME)";
				SWIFT_VERSION = 5.0;
				TARGETED_DEVICE_FAMILY = "1,2";
			};
			name = Debug;
		};
		75C0E10D234F8F6F00560EE6 /* Release */ = {
			isa = XCBuildConfiguration;
			buildSettings = {
				ASSETCATALOG_COMPILER_APPICON_NAME = AppIcon;
				CODE_SIGN_STYLE = Automatic;
				DEVELOPMENT_TEAM = AS994HB957;
				INFOPLIST_FILE = NumerosAleatorios/Info.plist;
				LD_RUNPATH_SEARCH_PATHS = (
					"$(inherited)",
					"@executable_path/Frameworks",
				);
				PRODUCT_BUNDLE_IDENTIFIER = com.catiasouza.NumerosAleatorios;
				PRODUCT_NAME = "$(TARGET_NAME)";
				SWIFT_VERSION = 5.0;
				TARGETED_DEVICE_FAMILY = "1,2";
			};
			name = Release;
		};
		75C0E10F234F8F6F00560EE6 /* Debug */ = {
			isa = XCBuildConfiguration;
			buildSettings = {
				ALWAYS_EMBED_SWIFT_STANDARD_LIBRARIES = YES;
				BUNDLE_LOADER = "$(TEST_HOST)";
				CODE_SIGN_STYLE = Automatic;
				DEVELOPMENT_TEAM = AS994HB957;
				INFOPLIST_FILE = NumerosAleatoriosTests/Info.plist;
				IPHONEOS_DEPLOYMENT_TARGET = 13.0;
				LD_RUNPATH_SEARCH_PATHS = (
					"$(inherited)",
					"@executable_path/Frameworks",
					"@loader_path/Frameworks",
				);
				PRODUCT_BUNDLE_IDENTIFIER = com.catiasouza.NumerosAleatoriosTests;
				PRODUCT_NAME = "$(TARGET_NAME)";
				SWIFT_VERSION = 5.0;
				TARGETED_DEVICE_FAMILY = "1,2";
				TEST_HOST = "$(BUILT_PRODUCTS_DIR)/NumerosAleatorios.app/NumerosAleatorios";
			};
			name = Debug;
		};
		75C0E110234F8F6F00560EE6 /* Release */ = {
			isa = XCBuildConfiguration;
			buildSettings = {
				ALWAYS_EMBED_SWIFT_STANDARD_LIBRARIES = YES;
				BUNDLE_LOADER = "$(TEST_HOST)";
				CODE_SIGN_STYLE = Automatic;
				DEVELOPMENT_TEAM = AS994HB957;
				INFOPLIST_FILE = NumerosAleatoriosTests/Info.plist;
				IPHONEOS_DEPLOYMENT_TARGET = 13.0;
				LD_RUNPATH_SEARCH_PATHS = (
					"$(inherited)",
					"@executable_path/Frameworks",
					"@loader_path/Frameworks",
				);
				PRODUCT_BUNDLE_IDENTIFIER = com.catiasouza.NumerosAleatoriosTests;
				PRODUCT_NAME = "$(TARGET_NAME)";
				SWIFT_VERSION = 5.0;
				TARGETED_DEVICE_FAMILY = "1,2";
				TEST_HOST = "$(BUILT_PRODUCTS_DIR)/NumerosAleatorios.app/NumerosAleatorios";
			};
			name = Release;
		};
		75C0E112234F8F6F00560EE6 /* Debug */ = {
			isa = XCBuildConfiguration;
			buildSettings = {
				ALWAYS_EMBED_SWIFT_STANDARD_LIBRARIES = YES;
				CODE_SIGN_STYLE = Automatic;
				DEVELOPMENT_TEAM = AS994HB957;
				INFOPLIST_FILE = NumerosAleatoriosUITests/Info.plist;
				LD_RUNPATH_SEARCH_PATHS = (
					"$(inherited)",
					"@executable_path/Frameworks",
					"@loader_path/Frameworks",
				);
				PRODUCT_BUNDLE_IDENTIFIER = com.catiasouza.NumerosAleatoriosUITests;
				PRODUCT_NAME = "$(TARGET_NAME)";
				SWIFT_VERSION = 5.0;
				TARGETED_DEVICE_FAMILY = "1,2";
				TEST_TARGET_NAME = NumerosAleatorios;
			};
			name = Debug;
		};
		75C0E113234F8F6F00560EE6 /* Release */ = {
			isa = XCBuildConfiguration;
			buildSettings = {
				ALWAYS_EMBED_SWIFT_STANDARD_LIBRARIES = YES;
				CODE_SIGN_STYLE = Automatic;
				DEVELOPMENT_TEAM = AS994HB957;
				INFOPLIST_FILE = NumerosAleatoriosUITests/Info.plist;
				LD_RUNPATH_SEARCH_PATHS = (
					"$(inherited)",
					"@executable_path/Frameworks",
					"@loader_path/Frameworks",
				);
				PRODUCT_BUNDLE_IDENTIFIER = com.catiasouza.NumerosAleatoriosUITests;
				PRODUCT_NAME = "$(TARGET_NAME)";
				SWIFT_VERSION = 5.0;
				TARGETED_DEVICE_FAMILY = "1,2";
				TEST_TARGET_NAME = NumerosAleatorios;
			};
			name = Release;
		};
/* End XCBuildConfiguration section */

/* Begin XCConfigurationList section */
		75C0E0DC234F8F6D00560EE6 /* Build configuration list for PBXProject "NumerosAleatorios" */ = {
			isa = XCConfigurationList;
			buildConfigurations = (
				75C0E109234F8F6F00560EE6 /* Debug */,
				75C0E10A234F8F6F00560EE6 /* Release */,
			);
			defaultConfigurationIsVisible = 0;
			defaultConfigurationName = Release;
		};
		75C0E10B234F8F6F00560EE6 /* Build configuration list for PBXNativeTarget "NumerosAleatorios" */ = {
			isa = XCConfigurationList;
			buildConfigurations = (
				75C0E10C234F8F6F00560EE6 /* Debug */,
				75C0E10D234F8F6F00560EE6 /* Release */,
			);
			defaultConfigurationIsVisible = 0;
			defaultConfigurationName = Release;
		};
		75C0E10E234F8F6F00560EE6 /* Build configuration list for PBXNativeTarget "NumerosAleatoriosTests" */ = {
			isa = XCConfigurationList;
			buildConfigurations = (
				75C0E10F234F8F6F00560EE6 /* Debug */,
				75C0E110234F8F6F00560EE6 /* Release */,
			);
			defaultConfigurationIsVisible = 0;
			defaultConfigurationName = Release;
		};
		75C0E111234F8F6F00560EE6 /* Build configuration list for PBXNativeTarget "NumerosAleatoriosUITests" */ = {
			isa = XCConfigurationList;
			buildConfigurations = (
				75C0E112234F8F6F00560EE6 /* Debug */,
				75C0E113234F8F6F00560EE6 /* Release */,
			);
			defaultConfigurationIsVisible = 0;
			defaultConfigurationName = Release;
		};
/* End XCConfigurationList section */
	};
	rootObject = 75C0E0D9234F8F6D00560EE6 /* Project object */;
}
